
Microsoft Visual Studio Solution File, Format Version 12.00
# Visual Studio Version 17
VisualStudioVersion = 17.7.34031.279
MinimumVisualStudioVersion = 10.0.40219.1
Project("{FAE04EC0-301F-11D3-BF4B-00C04F79EFBC}") = "Webbanhangonline", "Webbanhangonline\Webbanhangonline.csproj", "{05402256-46D5-450C-B586-A44BFE1E9427}"
EndProject
Global
	GlobalSection(SolutionConfigurationPlatforms) = preSolution
		Debug|Any CPU = Debug|Any CPU
		Release|Any CPU = Release|Any CPU
	EndGlobalSection
	GlobalSection(ProjectConfigurationPlatforms) = postSolution
		{05402256-46D5-450C-B586-A44BFE1E9427}.Debug|Any CPU.ActiveCfg = Debug|Any CPU
		{05402256-46D5-450C-B586-A44BFE1E9427}.Debug|Any CPU.Build.0 = Debug|Any CPU
		{05402256-46D5-450C-B586-A44BFE1E9427}.Release|Any CPU.ActiveCfg = Release|Any CPU
		{05402256-46D5-450C-B586-A44BFE1E9427}.Release|Any CPU.Build.0 = Release|Any CPU
	EndGlobalSection
	GlobalSection(SolutionProperties) = preSolution
		HideSolutionNode = FALSE
	EndGlobalSection
	GlobalSection(ExtensibilityGlobals) = postSolution
		SolutionGuid = {B116F09E-BDAE-46C1-9FDA-4CC4D547E93E}
	EndGlobalSection
EndGlobal
